// !$*UTF8*$!
{
	archiveVersion = 1;
	classes = {
	};
	objectVersion = 50;
	objects = {

/* Begin PBXBuildFile section */
		D21719022227E13E002814D6 /* BluetoothDevice.swift in Sources */ = {isa = PBXBuildFile; fileRef = D21719012227E13E002814D6 /* BluetoothDevice.swift */; };
		D22E6E1221A2D4E000AFEAE9 /* AppDelegate.swift in Sources */ = {isa = PBXBuildFile; fileRef = D22E6E1121A2D4E000AFEAE9 /* AppDelegate.swift */; };
		D22E6E1421A2D4E000AFEAE9 /* ViewController.swift in Sources */ = {isa = PBXBuildFile; fileRef = D22E6E1321A2D4E000AFEAE9 /* ViewController.swift */; };
		D22E6E1721A2D4E000AFEAE9 /* Main.storyboard in Resources */ = {isa = PBXBuildFile; fileRef = D22E6E1521A2D4E000AFEAE9 /* Main.storyboard */; };
		D22E6E1921A2D4E100AFEAE9 /* Assets.xcassets in Resources */ = {isa = PBXBuildFile; fileRef = D22E6E1821A2D4E100AFEAE9 /* Assets.xcassets */; };
		D22E6E1C21A2D4E100AFEAE9 /* LaunchScreen.storyboard in Resources */ = {isa = PBXBuildFile; fileRef = D22E6E1A21A2D4E100AFEAE9 /* LaunchScreen.storyboard */; };
		D22E6E7421A3151000AFEAE9 /* app.js in Resources */ = {isa = PBXBuildFile; fileRef = D22E6E5B21A3150F00AFEAE9 /* app.js */; };
		D22E6E7521A3151000AFEAE9 /* battery_icon.png in Resources */ = {isa = PBXBuildFile; fileRef = D22E6E5C21A3150F00AFEAE9 /* battery_icon.png */; };
		D22E6E7621A3151000AFEAE9 /* fontawesome-webfont.svg in Resources */ = {isa = PBXBuildFile; fileRef = D22E6E5D21A3150F00AFEAE9 /* fontawesome-webfont.svg */; };
		D22E6E7721A3151000AFEAE9 /* fontawesome-webfont.woff in Resources */ = {isa = PBXBuildFile; fileRef = D22E6E5E21A3150F00AFEAE9 /* fontawesome-webfont.woff */; };
		D22E6E7821A3151000AFEAE9 /* jquery-1.8.2.min.js in Resources */ = {isa = PBXBuildFile; fileRef = D22E6E5F21A3150F00AFEAE9 /* jquery-1.8.2.min.js */; };
		D22E6E7921A3151000AFEAE9 /* README.md in Resources */ = {isa = PBXBuildFile; fileRef = D22E6E6021A3150F00AFEAE9 /* README.md */; };
		D22E6E7A21A3151000AFEAE9 /* settings_icon.png in Resources */ = {isa = PBXBuildFile; fileRef = D22E6E6121A3150F00AFEAE9 /* settings_icon.png */; };
		D22E6E7B21A3151000AFEAE9 /* settings.svg in Resources */ = {isa = PBXBuildFile; fileRef = D22E6E6221A3150F00AFEAE9 /* settings.svg */; };
		D22E6E7C21A3151000AFEAE9 /* main.min.js in Resources */ = {isa = PBXBuildFile; fileRef = D22E6E6321A3150F00AFEAE9 /* main.min.js */; };
		D22E6E7D21A3151000AFEAE9 /* main.js in Resources */ = {isa = PBXBuildFile; fileRef = D22E6E6421A3150F00AFEAE9 /* main.js */; };
		D22E6E7E21A3151000AFEAE9 /* connect_icon.png in Resources */ = {isa = PBXBuildFile; fileRef = D22E6E6521A3150F00AFEAE9 /* connect_icon.png */; };
		D22E6E7F21A3151000AFEAE9 /* logo_white.svg in Resources */ = {isa = PBXBuildFile; fileRef = D22E6E6621A3150F00AFEAE9 /* logo_white.svg */; };
		D22E6E8021A3151000AFEAE9 /* Unbenannt-1.png in Resources */ = {isa = PBXBuildFile; fileRef = D22E6E6721A3151000AFEAE9 /* Unbenannt-1.png */; };
		D22E6E8121A3151000AFEAE9 /* logo.png in Resources */ = {isa = PBXBuildFile; fileRef = D22E6E6821A3151000AFEAE9 /* logo.png */; };
		D22E6E8221A3151000AFEAE9 /* fontawesome-webfont.ttf in Resources */ = {isa = PBXBuildFile; fileRef = D22E6E6921A3151000AFEAE9 /* fontawesome-webfont.ttf */; };
		D22E6E8321A3151000AFEAE9 /* fontawesome-webfont.woff2 in Resources */ = {isa = PBXBuildFile; fileRef = D22E6E6A21A3151000AFEAE9 /* fontawesome-webfont.woff2 */; };
		D22E6E8421A3151000AFEAE9 /* fontawesome-webfont.eot in Resources */ = {isa = PBXBuildFile; fileRef = D22E6E6B21A3151000AFEAE9 /* fontawesome-webfont.eot */; };
		D22E6E8521A3151000AFEAE9 /* polyfill.min.js in Resources */ = {isa = PBXBuildFile; fileRef = D22E6E6C21A3151000AFEAE9 /* polyfill.min.js */; };
		D22E6E8621A3151000AFEAE9 /* newIndex.html in Resources */ = {isa = PBXBuildFile; fileRef = D22E6E6D21A3151000AFEAE9 /* newIndex.html */; };
		D22E6E8721A3151000AFEAE9 /* FontAwesome.otf in Resources */ = {isa = PBXBuildFile; fileRef = D22E6E6E21A3151000AFEAE9 /* FontAwesome.otf */; };
		D22E6E8821A3151000AFEAE9 /* menu_icon.png in Resources */ = {isa = PBXBuildFile; fileRef = D22E6E6F21A3151000AFEAE9 /* menu_icon.png */; };
		D22E6E8921A3151000AFEAE9 /* icon_white.svg in Resources */ = {isa = PBXBuildFile; fileRef = D22E6E7021A3151000AFEAE9 /* icon_white.svg */; };
		D22E6E8A21A3151000AFEAE9 /* style.css in Resources */ = {isa = PBXBuildFile; fileRef = D22E6E7121A3151000AFEAE9 /* style.css */; };
		D22E6E8B21A3151000AFEAE9 /* connecting.svg in Resources */ = {isa = PBXBuildFile; fileRef = D22E6E7221A3151000AFEAE9 /* connecting.svg */; };
		D22E6E8C21A3151000AFEAE9 /* main.min.css in Resources */ = {isa = PBXBuildFile; fileRef = D22E6E7321A3151000AFEAE9 /* main.min.css */; };
		D22E6E8F21A6AC2500AFEAE9 /* ColorCustomized.swift in Sources */ = {isa = PBXBuildFile; fileRef = D22E6E8E21A6AC2500AFEAE9 /* ColorCustomized.swift */; };
		D22E6E9421A6CA3E00AFEAE9 /* ColorSetting.swift in Sources */ = {isa = PBXBuildFile; fileRef = D22E6E9321A6CA3E00AFEAE9 /* ColorSetting.swift */; };
		D22E6E9621A6D70500AFEAE9 /* ConfigureLed.swift in Sources */ = {isa = PBXBuildFile; fileRef = D22E6E9521A6D70500AFEAE9 /* ConfigureLed.swift */; };
		D22E6E9821A7044700AFEAE9 /* Event.swift in Sources */ = {isa = PBXBuildFile; fileRef = D22E6E9721A7044700AFEAE9 /* Event.swift */; };
		D22E6E9A21B29DBD00AFEAE9 /* CustomizedNotification.swift in Sources */ = {isa = PBXBuildFile; fileRef = D22E6E9921B29DBD00AFEAE9 /* CustomizedNotification.swift */; };
		D22E6EA221B968DC00AFEAE9 /* Contact.swift in Sources */ = {isa = PBXBuildFile; fileRef = D22E6EA121B968DC00AFEAE9 /* Contact.swift */; };
		D22E6EA521BE68D900AFEAE9 /* ContactDatabase.xcdatamodeld in Sources */ = {isa = PBXBuildFile; fileRef = D22E6EA321BE68D800AFEAE9 /* ContactDatabase.xcdatamodeld */; };
		D22E6EB321BE918E00AFEAE9 /* PersistenceManager.swift in Sources */ = {isa = PBXBuildFile; fileRef = D22E6EB221BE918E00AFEAE9 /* PersistenceManager.swift */; };
		D22E6ED121BE9A5B00AFEAE9 /* PhoneContact+CoreDataClass.swift in Sources */ = {isa = PBXBuildFile; fileRef = D22E6ECF21BE9A5B00AFEAE9 /* PhoneContact+CoreDataClass.swift */; };
		D22E6ED221BE9A5B00AFEAE9 /* PhoneContact+CoreDataProperties.swift in Sources */ = {isa = PBXBuildFile; fileRef = D22E6ED021BE9A5B00AFEAE9 /* PhoneContact+CoreDataProperties.swift */; };
/* End PBXBuildFile section */

/* Begin PBXFileReference section */
		D21719012227E13E002814D6 /* BluetoothDevice.swift */ = {isa = PBXFileReference; lastKnownFileType = sourcecode.swift; path = BluetoothDevice.swift; sourceTree = "<group>"; };
		D22E6E0E21A2D4E000AFEAE9 /* Smart Badges.app */ = {isa = PBXFileReference; explicitFileType = wrapper.application; includeInIndex = 0; path = "Smart Badges.app"; sourceTree = BUILT_PRODUCTS_DIR; };
		D22E6E1121A2D4E000AFEAE9 /* AppDelegate.swift */ = {isa = PBXFileReference; lastKnownFileType = sourcecode.swift; path = AppDelegate.swift; sourceTree = "<group>"; };
		D22E6E1321A2D4E000AFEAE9 /* ViewController.swift */ = {isa = PBXFileReference; lastKnownFileType = sourcecode.swift; path = ViewController.swift; sourceTree = "<group>"; };
		D22E6E1621A2D4E000AFEAE9 /* Base */ = {isa = PBXFileReference; lastKnownFileType = file.storyboard; name = Base; path = Base.lproj/Main.storyboard; sourceTree = "<group>"; };
		D22E6E1821A2D4E100AFEAE9 /* Assets.xcassets */ = {isa = PBXFileReference; lastKnownFileType = folder.assetcatalog; path = Assets.xcassets; sourceTree = "<group>"; };
		D22E6E1B21A2D4E100AFEAE9 /* Base */ = {isa = PBXFileReference; lastKnownFileType = file.storyboard; name = Base; path = Base.lproj/LaunchScreen.storyboard; sourceTree = "<group>"; };
		D22E6E1D21A2D4E100AFEAE9 /* Info.plist */ = {isa = PBXFileReference; lastKnownFileType = text.plist.xml; path = Info.plist; sourceTree = "<group>"; };
		D22E6E5B21A3150F00AFEAE9 /* app.js */ = {isa = PBXFileReference; lastKnownFileType = sourcecode.javascript; path = app.js; sourceTree = "<group>"; };
		D22E6E5C21A3150F00AFEAE9 /* battery_icon.png */ = {isa = PBXFileReference; lastKnownFileType = image.png; path = battery_icon.png; sourceTree = "<group>"; };
		D22E6E5D21A3150F00AFEAE9 /* fontawesome-webfont.svg */ = {isa = PBXFileReference; lastKnownFileType = text.xml; path = "fontawesome-webfont.svg"; sourceTree = "<group>"; };
		D22E6E5E21A3150F00AFEAE9 /* fontawesome-webfont.woff */ = {isa = PBXFileReference; lastKnownFileType = file; path = "fontawesome-webfont.woff"; sourceTree = "<group>"; };
		D22E6E5F21A3150F00AFEAE9 /* jquery-1.8.2.min.js */ = {isa = PBXFileReference; lastKnownFileType = sourcecode.javascript; path = "jquery-1.8.2.min.js"; sourceTree = "<group>"; };
		D22E6E6021A3150F00AFEAE9 /* README.md */ = {isa = PBXFileReference; lastKnownFileType = net.daringfireball.markdown; path = README.md; sourceTree = "<group>"; };
		D22E6E6121A3150F00AFEAE9 /* settings_icon.png */ = {isa = PBXFileReference; lastKnownFileType = image.png; path = settings_icon.png; sourceTree = "<group>"; };
		D22E6E6221A3150F00AFEAE9 /* settings.svg */ = {isa = PBXFileReference; lastKnownFileType = text.xml; path = settings.svg; sourceTree = "<group>"; };
		D22E6E6321A3150F00AFEAE9 /* main.min.js */ = {isa = PBXFileReference; lastKnownFileType = sourcecode.javascript; path = main.min.js; sourceTree = "<group>"; };
		D22E6E6421A3150F00AFEAE9 /* main.js */ = {isa = PBXFileReference; lastKnownFileType = sourcecode.javascript; path = main.js; sourceTree = "<group>"; };
		D22E6E6521A3150F00AFEAE9 /* connect_icon.png */ = {isa = PBXFileReference; lastKnownFileType = image.png; path = connect_icon.png; sourceTree = "<group>"; };
		D22E6E6621A3150F00AFEAE9 /* logo_white.svg */ = {isa = PBXFileReference; lastKnownFileType = text.xml; path = logo_white.svg; sourceTree = "<group>"; };
		D22E6E6721A3151000AFEAE9 /* Unbenannt-1.png */ = {isa = PBXFileReference; lastKnownFileType = image.png; path = "Unbenannt-1.png"; sourceTree = "<group>"; };
		D22E6E6821A3151000AFEAE9 /* logo.png */ = {isa = PBXFileReference; lastKnownFileType = image.png; path = logo.png; sourceTree = "<group>"; };
		D22E6E6921A3151000AFEAE9 /* fontawesome-webfont.ttf */ = {isa = PBXFileReference; lastKnownFileType = file; path = "fontawesome-webfont.ttf"; sourceTree = "<group>"; };
		D22E6E6A21A3151000AFEAE9 /* fontawesome-webfont.woff2 */ = {isa = PBXFileReference; lastKnownFileType = file; path = "fontawesome-webfont.woff2"; sourceTree = "<group>"; };
		D22E6E6B21A3151000AFEAE9 /* fontawesome-webfont.eot */ = {isa = PBXFileReference; lastKnownFileType = file; path = "fontawesome-webfont.eot"; sourceTree = "<group>"; };
		D22E6E6C21A3151000AFEAE9 /* polyfill.min.js */ = {isa = PBXFileReference; lastKnownFileType = sourcecode.javascript; path = polyfill.min.js; sourceTree = "<group>"; };
		D22E6E6D21A3151000AFEAE9 /* newIndex.html */ = {isa = PBXFileReference; lastKnownFileType = text.html; path = newIndex.html; sourceTree = "<group>"; };
		D22E6E6E21A3151000AFEAE9 /* FontAwesome.otf */ = {isa = PBXFileReference; lastKnownFileType = file; path = FontAwesome.otf; sourceTree = "<group>"; };
		D22E6E6F21A3151000AFEAE9 /* menu_icon.png */ = {isa = PBXFileReference; lastKnownFileType = image.png; path = menu_icon.png; sourceTree = "<group>"; };
		D22E6E7021A3151000AFEAE9 /* icon_white.svg */ = {isa = PBXFileReference; lastKnownFileType = text.xml; path = icon_white.svg; sourceTree = "<group>"; };
		D22E6E7121A3151000AFEAE9 /* style.css */ = {isa = PBXFileReference; lastKnownFileType = text.css; path = style.css; sourceTree = "<group>"; };
		D22E6E7221A3151000AFEAE9 /* connecting.svg */ = {isa = PBXFileReference; lastKnownFileType = text.xml; path = connecting.svg; sourceTree = "<group>"; };
		D22E6E7321A3151000AFEAE9 /* main.min.css */ = {isa = PBXFileReference; lastKnownFileType = text.css; path = main.min.css; sourceTree = "<group>"; };
		D22E6E8E21A6AC2500AFEAE9 /* ColorCustomized.swift */ = {isa = PBXFileReference; lastKnownFileType = sourcecode.swift; path = ColorCustomized.swift; sourceTree = "<group>"; };
		D22E6E9321A6CA3E00AFEAE9 /* ColorSetting.swift */ = {isa = PBXFileReference; lastKnownFileType = sourcecode.swift; path = ColorSetting.swift; sourceTree = "<group>"; };
		D22E6E9521A6D70500AFEAE9 /* ConfigureLed.swift */ = {isa = PBXFileReference; lastKnownFileType = sourcecode.swift; path = ConfigureLed.swift; sourceTree = "<group>"; };
		D22E6E9721A7044700AFEAE9 /* Event.swift */ = {isa = PBXFileReference; lastKnownFileType = sourcecode.swift; path = Event.swift; sourceTree = "<group>"; };
		D22E6E9921B29DBD00AFEAE9 /* CustomizedNotification.swift */ = {isa = PBXFileReference; lastKnownFileType = sourcecode.swift; path = CustomizedNotification.swift; sourceTree = "<group>"; };
		D22E6EA121B968DC00AFEAE9 /* Contact.swift */ = {isa = PBXFileReference; lastKnownFileType = sourcecode.swift; path = Contact.swift; sourceTree = "<group>"; };
		D22E6EA421BE68D900AFEAE9 /* ContacDatabase.xcdatamodel */ = {isa = PBXFileReference; lastKnownFileType = wrapper.xcdatamodel; path = ContacDatabase.xcdatamodel; sourceTree = "<group>"; };
		D22E6EB221BE918E00AFEAE9 /* PersistenceManager.swift */ = {isa = PBXFileReference; lastKnownFileType = sourcecode.swift; path = PersistenceManager.swift; sourceTree = "<group>"; };
		D22E6ECF21BE9A5B00AFEAE9 /* PhoneContact+CoreDataClass.swift */ = {isa = PBXFileReference; lastKnownFileType = sourcecode.swift; path = "PhoneContact+CoreDataClass.swift"; sourceTree = "<group>"; };
		D22E6ED021BE9A5B00AFEAE9 /* PhoneContact+CoreDataProperties.swift */ = {isa = PBXFileReference; lastKnownFileType = sourcecode.swift; path = "PhoneContact+CoreDataProperties.swift"; sourceTree = "<group>"; };
		D22E6ED721BEC61000AFEAE9 /* HandlingContactsCalls.appex */ = {isa = PBXFileReference; explicitFileType = "wrapper.app-extension"; includeInIndex = 0; path = HandlingContactsCalls.appex; sourceTree = BUILT_PRODUCTS_DIR; };
/* End PBXFileReference section */

/* Begin PBXFrameworksBuildPhase section */
		D22E6E0B21A2D4E000AFEAE9 /* Frameworks */ = {
			isa = PBXFrameworksBuildPhase;
			buildActionMask = 2147483647;
			files = (
			);
			runOnlyForDeploymentPostprocessing = 0;
		};
		D22E6ED421BEC61000AFEAE9 /* Frameworks */ = {
			isa = PBXFrameworksBuildPhase;
			buildActionMask = 2147483647;
			files = (
			);
			runOnlyForDeploymentPostprocessing = 0;
		};
/* End PBXFrameworksBuildPhase section */

/* Begin PBXGroup section */
		D22E6E0521A2D4E000AFEAE9 = {
			isa = PBXGroup;
			children = (
				D22E6E1021A2D4E000AFEAE9 /* SmartBadgeAppIOS */,
				D22E6E0F21A2D4E000AFEAE9 /* Products */,
			);
			sourceTree = "<group>";
		};
		D22E6E0F21A2D4E000AFEAE9 /* Products */ = {
			isa = PBXGroup;
			children = (
				D22E6E0E21A2D4E000AFEAE9 /* Smart Badges.app */,
				D22E6ED721BEC61000AFEAE9 /* HandlingContactsCalls.appex */,
			);
			name = Products;
			sourceTree = "<group>";
		};
		D22E6E1021A2D4E000AFEAE9 /* SmartBadgeAppIOS */ = {
			isa = PBXGroup;
			children = (
				D22E6E9221A6AC4100AFEAE9 /* Controller */,
				D22E6E9121A6AC3700AFEAE9 /* View */,
				D22E6E9021A6AC2D00AFEAE9 /* Model */,
				D22E6EBC21BE974900AFEAE9 /* Database */,
				D22E6E1521A2D4E000AFEAE9 /* Main.storyboard */,
				D22E6E1821A2D4E100AFEAE9 /* Assets.xcassets */,
				D22E6E1A21A2D4E100AFEAE9 /* LaunchScreen.storyboard */,
				D22E6E1D21A2D4E100AFEAE9 /* Info.plist */,
				D22E6E8D21A6AA7300AFEAE9 /* FrontEndFiles */,
			);
			path = SmartBadgeAppIOS;
			sourceTree = "<group>";
		};
		D22E6E8D21A6AA7300AFEAE9 /* FrontEndFiles */ = {
			isa = PBXGroup;
			children = (
				D22E6E6721A3151000AFEAE9 /* Unbenannt-1.png */,
				D22E6E5B21A3150F00AFEAE9 /* app.js */,
				D22E6E5C21A3150F00AFEAE9 /* battery_icon.png */,
				D22E6E6521A3150F00AFEAE9 /* connect_icon.png */,
				D22E6E7221A3151000AFEAE9 /* connecting.svg */,
				D22E6E6B21A3151000AFEAE9 /* fontawesome-webfont.eot */,
				D22E6E5D21A3150F00AFEAE9 /* fontawesome-webfont.svg */,
				D22E6E6921A3151000AFEAE9 /* fontawesome-webfont.ttf */,
				D22E6E5E21A3150F00AFEAE9 /* fontawesome-webfont.woff */,
				D22E6E6A21A3151000AFEAE9 /* fontawesome-webfont.woff2 */,
				D22E6E6E21A3151000AFEAE9 /* FontAwesome.otf */,
				D22E6E7021A3151000AFEAE9 /* icon_white.svg */,
				D22E6E5F21A3150F00AFEAE9 /* jquery-1.8.2.min.js */,
				D22E6E6621A3150F00AFEAE9 /* logo_white.svg */,
				D22E6E6821A3151000AFEAE9 /* logo.png */,
				D22E6E6421A3150F00AFEAE9 /* main.js */,
				D22E6E7321A3151000AFEAE9 /* main.min.css */,
				D22E6E6321A3150F00AFEAE9 /* main.min.js */,
				D22E6E6F21A3151000AFEAE9 /* menu_icon.png */,
				D22E6E6D21A3151000AFEAE9 /* newIndex.html */,
				D22E6E6C21A3151000AFEAE9 /* polyfill.min.js */,
				D22E6E6021A3150F00AFEAE9 /* README.md */,
				D22E6E6121A3150F00AFEAE9 /* settings_icon.png */,
				D22E6E6221A3150F00AFEAE9 /* settings.svg */,
				D22E6E7121A3151000AFEAE9 /* style.css */,
			);
			path = FrontEndFiles;
			sourceTree = "<group>";
		};
		D22E6E9021A6AC2D00AFEAE9 /* Model */ = {
			isa = PBXGroup;
			children = (
				D22E6E8E21A6AC2500AFEAE9 /* ColorCustomized.swift */,
				D22E6E9321A6CA3E00AFEAE9 /* ColorSetting.swift */,
				D22E6E9521A6D70500AFEAE9 /* ConfigureLed.swift */,
				D22E6E9721A7044700AFEAE9 /* Event.swift */,
				D22E6E9921B29DBD00AFEAE9 /* CustomizedNotification.swift */,
				D22E6EA121B968DC00AFEAE9 /* Contact.swift */,
				D21719012227E13E002814D6 /* BluetoothDevice.swift */,
			);
			path = Model;
			sourceTree = "<group>";
		};
		D22E6E9121A6AC3700AFEAE9 /* View */ = {
			isa = PBXGroup;
			children = (
				D22E6E1121A2D4E000AFEAE9 /* AppDelegate.swift */,
			);
			path = View;
			sourceTree = "<group>";
		};
		D22E6E9221A6AC4100AFEAE9 /* Controller */ = {
			isa = PBXGroup;
			children = (
				D22E6E1321A2D4E000AFEAE9 /* ViewController.swift */,
			);
			path = Controller;
			sourceTree = "<group>";
		};
		D22E6EBC21BE974900AFEAE9 /* Database */ = {
			isa = PBXGroup;
			children = (
				D22E6ECF21BE9A5B00AFEAE9 /* PhoneContact+CoreDataClass.swift */,
				D22E6ED021BE9A5B00AFEAE9 /* PhoneContact+CoreDataProperties.swift */,
				D22E6EB221BE918E00AFEAE9 /* PersistenceManager.swift */,
				D22E6EA321BE68D800AFEAE9 /* ContactDatabase.xcdatamodeld */,
			);
			path = Database;
			sourceTree = "<group>";
		};
/* End PBXGroup section */

/* Begin PBXNativeTarget section */
		D22E6E0D21A2D4E000AFEAE9 /* SmartBadgeAppIOSBluetooth */ = {
			isa = PBXNativeTarget;
			buildConfigurationList = D22E6E2021A2D4E100AFEAE9 /* Build configuration list for PBXNativeTarget "SmartBadgeAppIOSBluetooth" */;
			buildPhases = (
				D22E6E0A21A2D4E000AFEAE9 /* Sources */,
				D22E6E0B21A2D4E000AFEAE9 /* Frameworks */,
				D22E6E0C21A2D4E000AFEAE9 /* Resources */,
			);
			buildRules = (
			);
			dependencies = (
			);
			name = SmartBadgeAppIOSBluetooth;
			productName = SmartBadgeAppIOS;
			productReference = D22E6E0E21A2D4E000AFEAE9 /* Smart Badges.app */;
			productType = "com.apple.product-type.application";
		};
		D22E6ED621BEC61000AFEAE9 /* HandlingContactsCalls */ = {
			isa = PBXNativeTarget;
			buildConfigurationList = D22E6EDF21BEC61000AFEAE9 /* Build configuration list for PBXNativeTarget "HandlingContactsCalls" */;
			buildPhases = (
				D22E6ED321BEC61000AFEAE9 /* Sources */,
				D22E6ED421BEC61000AFEAE9 /* Frameworks */,
				D22E6ED521BEC61000AFEAE9 /* Resources */,
			);
			buildRules = (
			);
			dependencies = (
			);
			name = HandlingContactsCalls;
			productName = HandlingContactsCalls;
			productReference = D22E6ED721BEC61000AFEAE9 /* HandlingContactsCalls.appex */;
			productType = "com.apple.product-type.app-extension";
		};
/* End PBXNativeTarget section */

/* Begin PBXProject section */
		D22E6E0621A2D4E000AFEAE9 /* Project object */ = {
			isa = PBXProject;
			attributes = {
				LastSwiftUpdateCheck = 1010;
				LastUpgradeCheck = 1010;
				ORGANIZATIONNAME = "Rebecca Johnson";
				TargetAttributes = {
					D22E6E0D21A2D4E000AFEAE9 = {
						CreatedOnToolsVersion = 10.1;
					};
					D22E6ED621BEC61000AFEAE9 = {
						CreatedOnToolsVersion = 10.1;
					};
				};
			};
			buildConfigurationList = D22E6E0921A2D4E000AFEAE9 /* Build configuration list for PBXProject "SmartBadgeAppIOSBluetooth" */;
			compatibilityVersion = "Xcode 9.3";
			developmentRegion = en;
			hasScannedForEncodings = 0;
			knownRegions = (
				en,
				Base,
			);
			mainGroup = D22E6E0521A2D4E000AFEAE9;
			productRefGroup = D22E6E0F21A2D4E000AFEAE9 /* Products */;
			projectDirPath = "";
			projectRoot = "";
			targets = (
				D22E6E0D21A2D4E000AFEAE9 /* SmartBadgeAppIOSBluetooth */,
				D22E6ED621BEC61000AFEAE9 /* HandlingContactsCalls */,
			);
		};
/* End PBXProject section */

/* Begin PBXResourcesBuildPhase section */
		D22E6E0C21A2D4E000AFEAE9 /* Resources */ = {
			isa = PBXResourcesBuildPhase;
			buildActionMask = 2147483647;
			files = (
				D22E6E7421A3151000AFEAE9 /* app.js in Resources */,
				D22E6E7521A3151000AFEAE9 /* battery_icon.png in Resources */,
				D22E6E7621A3151000AFEAE9 /* fontawesome-webfont.svg in Resources */,
				D22E6E7721A3151000AFEAE9 /* fontawesome-webfont.woff in Resources */,
				D22E6E7821A3151000AFEAE9 /* jquery-1.8.2.min.js in Resources */,
				D22E6E7921A3151000AFEAE9 /* README.md in Resources */,
				D22E6E7A21A3151000AFEAE9 /* settings_icon.png in Resources */,
				D22E6E7B21A3151000AFEAE9 /* settings.svg in Resources */,
				D22E6E7C21A3151000AFEAE9 /* main.min.js in Resources */,
				D22E6E7D21A3151000AFEAE9 /* main.js in Resources */,
				D22E6E7E21A3151000AFEAE9 /* connect_icon.png in Resources */,
				D22E6E7F21A3151000AFEAE9 /* logo_white.svg in Resources */,
				D22E6E8021A3151000AFEAE9 /* Unbenannt-1.png in Resources */,
				D22E6E8121A3151000AFEAE9 /* logo.png in Resources */,
				D22E6E8221A3151000AFEAE9 /* fontawesome-webfont.ttf in Resources */,
				D22E6E8321A3151000AFEAE9 /* fontawesome-webfont.woff2 in Resources */,
				D22E6E8421A3151000AFEAE9 /* fontawesome-webfont.eot in Resources */,
				D22E6E8521A3151000AFEAE9 /* polyfill.min.js in Resources */,
				D22E6E8621A3151000AFEAE9 /* newIndex.html in Resources */,
				D22E6E8721A3151000AFEAE9 /* FontAwesome.otf in Resources */,
				D22E6E8821A3151000AFEAE9 /* menu_icon.png in Resources */,
				D22E6E8921A3151000AFEAE9 /* icon_white.svg in Resources */,
				D22E6E8A21A3151000AFEAE9 /* style.css in Resources */,
				D22E6E8B21A3151000AFEAE9 /* connecting.svg in Resources */,
				D22E6E8C21A3151000AFEAE9 /* main.min.css in Resources */,
				D22E6E1C21A2D4E100AFEAE9 /* LaunchScreen.storyboard in Resources */,
				D22E6E1921A2D4E100AFEAE9 /* Assets.xcassets in Resources */,
				D22E6E1721A2D4E000AFEAE9 /* Main.storyboard in Resources */,
			);
			runOnlyForDeploymentPostprocessing = 0;
		};
		D22E6ED521BEC61000AFEAE9 /* Resources */ = {
			isa = PBXResourcesBuildPhase;
			buildActionMask = 2147483647;
			files = (
			);
			runOnlyForDeploymentPostprocessing = 0;
		};
/* End PBXResourcesBuildPhase section */

/* Begin PBXSourcesBuildPhase section */
		D22E6E0A21A2D4E000AFEAE9 /* Sources */ = {
			isa = PBXSourcesBuildPhase;
			buildActionMask = 2147483647;
			files = (
				D22E6E1421A2D4E000AFEAE9 /* ViewController.swift in Sources */,
				D22E6E1221A2D4E000AFEAE9 /* AppDelegate.swift in Sources */,
				D22E6E9621A6D70500AFEAE9 /* ConfigureLed.swift in Sources */,
				D21719022227E13E002814D6 /* BluetoothDevice.swift in Sources */,
				D22E6ED121BE9A5B00AFEAE9 /* PhoneContact+CoreDataClass.swift in Sources */,
				D22E6EB321BE918E00AFEAE9 /* PersistenceManager.swift in Sources */,
				D22E6E9421A6CA3E00AFEAE9 /* ColorSetting.swift in Sources */,
				D22E6EA221B968DC00AFEAE9 /* Contact.swift in Sources */,
				D22E6EA521BE68D900AFEAE9 /* ContactDatabase.xcdatamodeld in Sources */,
				D22E6E9821A7044700AFEAE9 /* Event.swift in Sources */,
				D22E6ED221BE9A5B00AFEAE9 /* PhoneContact+CoreDataProperties.swift in Sources */,
				D22E6E8F21A6AC2500AFEAE9 /* ColorCustomized.swift in Sources */,
				D22E6E9A21B29DBD00AFEAE9 /* CustomizedNotification.swift in Sources */,
			);
			runOnlyForDeploymentPostprocessing = 0;
		};
		D22E6ED321BEC61000AFEAE9 /* Sources */ = {
			isa = PBXSourcesBuildPhase;
			buildActionMask = 2147483647;
			files = (
			);
			runOnlyForDeploymentPostprocessing = 0;
		};
/* End PBXSourcesBuildPhase section */

/* Begin PBXVariantGroup section */
		D22E6E1521A2D4E000AFEAE9 /* Main.storyboard */ = {
			isa = PBXVariantGroup;
			children = (
				D22E6E1621A2D4E000AFEAE9 /* Base */,
			);
			name = Main.storyboard;
			sourceTree = "<group>";
		};
		D22E6E1A21A2D4E100AFEAE9 /* LaunchScreen.storyboard */ = {
			isa = PBXVariantGroup;
			children = (
				D22E6E1B21A2D4E100AFEAE9 /* Base */,
			);
			name = LaunchScreen.storyboard;
			sourceTree = "<group>";
		};
/* End PBXVariantGroup section */

/* Begin XCBuildConfiguration section */
		D22E6E1E21A2D4E100AFEAE9 /* Debug */ = {
			isa = XCBuildConfiguration;
			buildSettings = {
				ALWAYS_SEARCH_USER_PATHS = NO;
				CLANG_ANALYZER_NONNULL = YES;
				CLANG_ANALYZER_NUMBER_OBJECT_CONVERSION = YES_AGGRESSIVE;
				CLANG_CXX_LANGUAGE_STANDARD = "gnu++14";
				CLANG_CXX_LIBRARY = "libc++";
				CLANG_ENABLE_MODULES = YES;
				CLANG_ENABLE_OBJC_ARC = YES;
				CLANG_ENABLE_OBJC_WEAK = YES;
				CLANG_WARN_BLOCK_CAPTURE_AUTORELEASING = YES;
				CLANG_WARN_BOOL_CONVERSION = YES;
				CLANG_WARN_COMMA = YES;
				CLANG_WARN_CONSTANT_CONVERSION = YES;
				CLANG_WARN_DEPRECATED_OBJC_IMPLEMENTATIONS = YES;
				CLANG_WARN_DIRECT_OBJC_ISA_USAGE = YES_ERROR;
				CLANG_WARN_DOCUMENTATION_COMMENTS = YES;
				CLANG_WARN_EMPTY_BODY = YES;
				CLANG_WARN_ENUM_CONVERSION = YES;
				CLANG_WARN_INFINITE_RECURSION = YES;
				CLANG_WARN_INT_CONVERSION = YES;
				CLANG_WARN_NON_LITERAL_NULL_CONVERSION = YES;
				CLANG_WARN_OBJC_IMPLICIT_RETAIN_SELF = YES;
				CLANG_WARN_OBJC_LITERAL_CONVERSION = YES;
				CLANG_WARN_OBJC_ROOT_CLASS = YES_ERROR;
				CLANG_WARN_RANGE_LOOP_ANALYSIS = YES;
				CLANG_WARN_STRICT_PROTOTYPES = YES;
				CLANG_WARN_SUSPICIOUS_MOVE = YES;
				CLANG_WARN_UNGUARDED_AVAILABILITY = YES_AGGRESSIVE;
				CLANG_WARN_UNREACHABLE_CODE = YES;
				CLANG_WARN__DUPLICATE_METHOD_MATCH = YES;
				CODE_SIGN_IDENTITY = "iPhone Developer";
				COPY_PHASE_STRIP = NO;
				DEBUG_INFORMATION_FORMAT = dwarf;
				ENABLE_STRICT_OBJC_MSGSEND = YES;
				ENABLE_TESTABILITY = YES;
				GCC_C_LANGUAGE_STANDARD = gnu11;
				GCC_DYNAMIC_NO_PIC = NO;
				GCC_NO_COMMON_BLOCKS = YES;
				GCC_OPTIMIZATION_LEVEL = 0;
				GCC_PREPROCESSOR_DEFINITIONS = (
					"DEBUG=1",
					"$(inherited)",
				);
				GCC_WARN_64_TO_32_BIT_CONVERSION = YES;
				GCC_WARN_ABOUT_RETURN_TYPE = YES_ERROR;
				GCC_WARN_UNDECLARED_SELECTOR = YES;
				GCC_WARN_UNINITIALIZED_AUTOS = YES_AGGRESSIVE;
				GCC_WARN_UNUSED_FUNCTION = YES;
				GCC_WARN_UNUSED_VARIABLE = YES;
				IPHONEOS_DEPLOYMENT_TARGET = 12.1;
				MTL_ENABLE_DEBUG_INFO = INCLUDE_SOURCE;
				MTL_FAST_MATH = YES;
				ONLY_ACTIVE_ARCH = YES;
				SDKROOT = iphoneos;
				SWIFT_ACTIVE_COMPILATION_CONDITIONS = DEBUG;
				SWIFT_OPTIMIZATION_LEVEL = "-Onone";
			};
			name = Debug;
		};
		D22E6E1F21A2D4E100AFEAE9 /* Release */ = {
			isa = XCBuildConfiguration;
			buildSettings = {
				ALWAYS_SEARCH_USER_PATHS = NO;
				CLANG_ANALYZER_NONNULL = YES;
				CLANG_ANALYZER_NUMBER_OBJECT_CONVERSION = YES_AGGRESSIVE;
				CLANG_CXX_LANGUAGE_STANDARD = "gnu++14";
				CLANG_CXX_LIBRARY = "libc++";
				CLANG_ENABLE_MODULES = YES;
				CLANG_ENABLE_OBJC_ARC = YES;
				CLANG_ENABLE_OBJC_WEAK = YES;
				CLANG_WARN_BLOCK_CAPTURE_AUTORELEASING = YES;
				CLANG_WARN_BOOL_CONVERSION = YES;
				CLANG_WARN_COMMA = YES;
				CLANG_WARN_CONSTANT_CONVERSION = YES;
				CLANG_WARN_DEPRECATED_OBJC_IMPLEMENTATIONS = YES;
				CLANG_WARN_DIRECT_OBJC_ISA_USAGE = YES_ERROR;
				CLANG_WARN_DOCUMENTATION_COMMENTS = YES;
				CLANG_WARN_EMPTY_BODY = YES;
				CLANG_WARN_ENUM_CONVERSION = YES;
				CLANG_WARN_INFINITE_RECURSION = YES;
				CLANG_WARN_INT_CONVERSION = YES;
				CLANG_WARN_NON_LITERAL_NULL_CONVERSION = YES;
				CLANG_WARN_OBJC_IMPLICIT_RETAIN_SELF = YES;
				CLANG_WARN_OBJC_LITERAL_CONVERSION = YES;
				CLANG_WARN_OBJC_ROOT_CLASS = YES_ERROR;
				CLANG_WARN_RANGE_LOOP_ANALYSIS = YES;
				CLANG_WARN_STRICT_PROTOTYPES = YES;
				CLANG_WARN_SUSPICIOUS_MOVE = YES;
				CLANG_WARN_UNGUARDED_AVAILABILITY = YES_AGGRESSIVE;
				CLANG_WARN_UNREACHABLE_CODE = YES;
				CLANG_WARN__DUPLICATE_METHOD_MATCH = YES;
				CODE_SIGN_IDENTITY = "iPhone Developer";
				COPY_PHASE_STRIP = NO;
				DEBUG_INFORMATION_FORMAT = "dwarf-with-dsym";
				ENABLE_NS_ASSERTIONS = NO;
				ENABLE_STRICT_OBJC_MSGSEND = YES;
				GCC_C_LANGUAGE_STANDARD = gnu11;
				GCC_NO_COMMON_BLOCKS = YES;
				GCC_WARN_64_TO_32_BIT_CONVERSION = YES;
				GCC_WARN_ABOUT_RETURN_TYPE = YES_ERROR;
				GCC_WARN_UNDECLARED_SELECTOR = YES;
				GCC_WARN_UNINITIALIZED_AUTOS = YES_AGGRESSIVE;
				GCC_WARN_UNUSED_FUNCTION = YES;
				GCC_WARN_UNUSED_VARIABLE = YES;
				IPHONEOS_DEPLOYMENT_TARGET = 12.1;
				MTL_ENABLE_DEBUG_INFO = NO;
				MTL_FAST_MATH = YES;
				SDKROOT = iphoneos;
				SWIFT_COMPILATION_MODE = wholemodule;
				SWIFT_OPTIMIZATION_LEVEL = "-O";
				VALIDATE_PRODUCT = YES;
			};
			name = Release;
		};
		D22E6E2121A2D4E100AFEAE9 /* Debug */ = {
			isa = XCBuildConfiguration;
			buildSettings = {
				ASSETCATALOG_COMPILER_APPICON_NAME = AppIcon;
				CODE_SIGN_STYLE = Automatic;
				DEVELOPMENT_TEAM = XQ2R4JY32W;
				INFOPLIST_FILE = SmartBadgeAppIOS/Info.plist;
				LD_RUNPATH_SEARCH_PATHS = (
					"$(inherited)",
					"@executable_path/Frameworks",
				);
				PRODUCT_BUNDLE_IDENTIFIER = Siemens.SmartBadgeAppIOSBluetooth;
				PRODUCT_NAME = "Smart Badges";
				SWIFT_VERSION = 4.2;
				TARGETED_DEVICE_FAMILY = "1,2";
			};
			name = Debug;
		};
		D22E6E2221A2D4E100AFEAE9 /* Release */ = {
			isa = XCBuildConfiguration;
			buildSettings = {
				ASSETCATALOG_COMPILER_APPICON_NAME = AppIcon;
				CODE_SIGN_STYLE = Automatic;
				DEVELOPMENT_TEAM = XQ2R4JY32W;
				INFOPLIST_FILE = SmartBadgeAppIOS/Info.plist;
				LD_RUNPATH_SEARCH_PATHS = (
					"$(inherited)",
					"@executable_path/Frameworks",
				);
				PRODUCT_BUNDLE_IDENTIFIER = Siemens.SmartBadgeAppIOSBluetooth;
				PRODUCT_NAME = "Smart Badges";
				SWIFT_VERSION = 4.2;
				TARGETED_DEVICE_FAMILY = "1,2";
			};
			name = Release;
		};
		D22E6EE021BEC61000AFEAE9 /* Debug */ = {
			isa = XCBuildConfiguration;
			buildSettings = {
				ARCHS = "$(ARCHS_STANDARD_64_BIT)";
				CODE_SIGN_STYLE = Automatic;
				DEVELOPMENT_TEAM = XQ2R4JY32W;
				INFOPLIST_FILE = HandlingContactsCalls/Info.plist;
				LD_RUNPATH_SEARCH_PATHS = (
					"$(inherited)",
					"@executable_path/Frameworks",
					"@executable_path/../../Frameworks",
				);
				PRODUCT_BUNDLE_IDENTIFIER = Siemens.SmartBadgeAppIOS.HandlingContactsCalls;
				PRODUCT_NAME = "$(TARGET_NAME)";
				SKIP_INSTALL = YES;
				SWIFT_VERSION = 4.2;
				TARGETED_DEVICE_FAMILY = "1,2";
			};
			name = Debug;
		};
		D22E6EE121BEC61000AFEAE9 /* Release */ = {
			isa = XCBuildConfiguration;
			buildSettings = {
				ARCHS = "$(ARCHS_STANDARD_64_BIT)";
				CODE_SIGN_STYLE = Automatic;
				DEVELOPMENT_TEAM = XQ2R4JY32W;
				INFOPLIST_FILE = HandlingContactsCalls/Info.plist;
				LD_RUNPATH_SEARCH_PATHS = (
					"$(inherited)",
					"@executable_path/Frameworks",
					"@executable_path/../../Frameworks",
				);
				PRODUCT_BUNDLE_IDENTIFIER = Siemens.SmartBadgeAppIOS.HandlingContactsCalls;
				PRODUCT_NAME = "$(TARGET_NAME)";
				SKIP_INSTALL = YES;
				SWIFT_VERSION = 4.2;
				TARGETED_DEVICE_FAMILY = "1,2";
			};
			name = Release;
		};
/* End XCBuildConfiguration section */

/* Begin XCConfigurationList section */
		D22E6E0921A2D4E000AFEAE9 /* Build configuration list for PBXProject "SmartBadgeAppIOSBluetooth" */ = {
			isa = XCConfigurationList;
			buildConfigurations = (
				D22E6E1E21A2D4E100AFEAE9 /* Debug */,
				D22E6E1F21A2D4E100AFEAE9 /* Release */,
			);
			defaultConfigurationIsVisible = 0;
			defaultConfigurationName = Release;
		};
		D22E6E2021A2D4E100AFEAE9 /* Build configuration list for PBXNativeTarget "SmartBadgeAppIOSBluetooth" */ = {
			isa = XCConfigurationList;
			buildConfigurations = (
				D22E6E2121A2D4E100AFEAE9 /* Debug */,
				D22E6E2221A2D4E100AFEAE9 /* Release */,
			);
			defaultConfigurationIsVisible = 0;
			defaultConfigurationName = Release;
		};
		D22E6EDF21BEC61000AFEAE9 /* Build configuration list for PBXNativeTarget "HandlingContactsCalls" */ = {
			isa = XCConfigurationList;
			buildConfigurations = (
				D22E6EE021BEC61000AFEAE9 /* Debug */,
				D22E6EE121BEC61000AFEAE9 /* Release */,
			);
			defaultConfigurationIsVisible = 0;
			defaultConfigurationName = Release;
		};
/* End XCConfigurationList section */

/* Begin XCVersionGroup section */
		D22E6EA321BE68D800AFEAE9 /* ContactDatabase.xcdatamodeld */ = {
			isa = XCVersionGroup;
			children = (
				D22E6EA421BE68D900AFEAE9 /* ContacDatabase.xcdatamodel */,
			);
			currentVersion = D22E6EA421BE68D900AFEAE9 /* ContacDatabase.xcdatamodel */;
			path = ContactDatabase.xcdatamodeld;
			sourceTree = "<group>";
			versionGroupType = wrapper.xcdatamodel;
		};
/* End XCVersionGroup section */
	};
	rootObject = D22E6E0621A2D4E000AFEAE9 /* Project object */;
}
